
Microsoft Visual Studio Solution File, Format Version 12.00
# Visual Studio Version 17
VisualStudioVersion = 17.6.33723.286
MinimumVisualStudioVersion = 10.0.40219.1
Project("{888888A0-9F3D-457C-B088-3A5042F75D52}") = "Sum.mat", "Sum.mat\Sum.mat.pyproj", "{F62D28FE-B040-4AE7-8861-D13EFD8A007C}"
EndProject
Global
	GlobalSection(SolutionConfigurationPlatforms) = preSolution
		Debug|Any CPU = Debug|Any CPU
		Release|Any CPU = Release|Any CPU
	EndGlobalSection
	GlobalSection(ProjectConfigurationPlatforms) = postSolution
		{F62D28FE-B040-4AE7-8861-D13EFD8A007C}.Debug|Any CPU.ActiveCfg = Debug|Any CPU
		{F62D28FE-B040-4AE7-8861-D13EFD8A007C}.Release|Any CPU.ActiveCfg = Release|Any CPU
	EndGlobalSection
	GlobalSection(SolutionProperties) = preSolution
		HideSolutionNode = FALSE
	EndGlobalSection
	GlobalSection(ExtensibilityGlobals) = postSolution
		SolutionGuid = {7320DEB6-C4AB-48A5-B180-9DA35104BF03}
	EndGlobalSection
EndGlobal
